{
  "nodes": {
    "bitrouter": {
      "flake": false,
      "locked": {
        "lastModified": 1786608843,
        "narHash": "sha256-vbKYQ/+ZPUP7NIjqKalD2LHS8jJxcAtQVf5vFV07Q/U=",
        "path": "/srv/repo/bitrouter",
        "type": "path"
      },
      "original": {
        "path": "/srv/repo/bitrouter",
        "type": "path"
      }
    },
    "home-manager": {
      "inputs": {
        "nixpkgs": [
          "nixpkgs"
        ]
      },
      "locked": {
        "lastModified": 1785119570,
        "narHash": "sha256-Rgs2xKnGLFWQscxUaXX07oyZeuMDOHEbqDOsgliLFGM=",
        "owner": "nix-community",
        "repo": "home-manager",
        "rev": "d4fd24667c8cbef124bb70a20380cab75ec8474d",
        "type": "github"
      },
      "original": {
        "owner": "nix-community",
        "ref": "release-26.05",
        "repo": "home-manager",
        "type": "github"
      }
    },
    "litellm-cli": {
      "flake": false,
      "locked": {
        "lastModified": 1786779785,
        "narHash": "sha256-npMS2V9nxbR+plv8B/8dn3DEbjQBL10+NEhS92g3me4=",
        "path": "/srv/repo/litellm-cli",
        "type": "path"
      },
      "original": {
        "path": "/srv/repo/litellm-cli",
        "type": "path"
      }
    },
    "nixpkgs": {
      "locked": {
        "lastModified": 1782535326,
        "narHash": "sha256-ZeRxu4yn6shd3SNF5ZUQb4r7BaVo1zBKMjRhfoNSBmw=",
        "owner": "NixOS",
        "repo": "nixpkgs",
        "rev": "714a5f8c4ead6b31148d829288440ed033ccc041",
        "type": "github"
      },
      "original": {
        "owner": "NixOS",
        "ref": "nixos-26.05",
        "repo": "nixpkgs",
        "type": "github"
      }
    },
    "opennds": {
      "flake": false,
      "locked": {
        "lastModified": 1786608843,
        "narHash": "sha256-n8VWcTpvLUQaoxpVTwoiuz5pKuPFue2bFnLhCNnzWUE=",
        "path": "/srv/repo/opennds",
        "type": "path"
      },
      "original": {
        "path": "/srv/repo/opennds",
        "type": "path"
      }
    },
    "root": {
      "inputs": {
        "bitrouter": "bitrouter",
        "home-manager": "home-manager",
        "litellm-cli": "litellm-cli",
        "nixpkgs": "nixpkgs",
        "opennds": "opennds",
        "sops-nix": "sops-nix"
      }
    },
    "sops-nix": {
      "inputs": {
        "nixpkgs": [
          "nixpkgs"
        ]
      },
      "locked": {
        "lastModified": 1782165805,
        "narHash": "sha256-478kKQBvK6SYTOdN2h9jhKJv94nbXRbFMfuL1WshErg=",
        "owner": "Mic92",
        "repo": "sops-nix",
        "rev": "56b24064fdcaedca53553b1a6d607fd23b613a24",
        "type": "github"
      },
      "original": {
        "owner": "Mic92",
        "repo": "sops-nix",
        "type": "github"
      }
    }
  },
  "root": "root",
  "version": 7
}
